
Microsoft Visual Studio Solution File, Format Version 12.00
# Visual Studio Version 17
VisualStudioVersion = 17.6.33829.357
MinimumVisualStudioVersion = 10.0.40219.1
Project("{FAE04EC0-301F-11D3-BF4B-00C04F79EFBC}") = "MoneyChallenge", "MoneyChallenge\MoneyChallenge.csproj", "{2E62F128-AEBD-4E6F-A592-19B9BF236DF5}"
EndProject
Global
	GlobalSection(SolutionConfigurationPlatforms) = preSolution
		Debug|Any CPU = Debug|Any CPU
		Release|Any CPU = Release|Any CPU
	EndGlobalSection
	GlobalSection(ProjectConfigurationPlatforms) = postSolution
		{2E62F128-AEBD-4E6F-A592-19B9BF236DF5}.Debug|Any CPU.ActiveCfg = Debug|Any CPU
		{2E62F128-AEBD-4E6F-A592-19B9BF236DF5}.Debug|Any CPU.Build.0 = Debug|Any CPU
		{2E62F128-AEBD-4E6F-A592-19B9BF236DF5}.Release|Any CPU.ActiveCfg = Release|Any CPU
		{2E62F128-AEBD-4E6F-A592-19B9BF236DF5}.Release|Any CPU.Build.0 = Release|Any CPU
	EndGlobalSection
	GlobalSection(SolutionProperties) = preSolution
		HideSolutionNode = FALSE
	EndGlobalSection
	GlobalSection(ExtensibilityGlobals) = postSolution
		SolutionGuid = {5250495D-0169-4C8C-941A-758766BD60B2}
	EndGlobalSection
EndGlobal
